{
  "name": "post-build",
  "version": "1.0.0",
  "lockfileVersion": 3,
  "requires": true,
  "packages": {
    "": {
      "name": "post-build",
      "version": "1.0.0",
      "license": "ISC",
      "dependencies": {
        "random-string-generator": "^1.0.7"
      }
    },
    "node_modules/random-string-generator": {
      "version": "1.0.7",
      "resolved": "https://registry.npmjs.org/random-string-generator/-/random-string-generator-1.0.7.tgz",
      "integrity": "sha512-Nypoclbe9hWE2TUy8z4TtncLdBYHGOnaywkJ3gWp2zNpCbhuDQ1oc0fYdzet5a7hOoisGYvcDN8lzrc+O8MWaw==",
      "license": "MIT"
    }
  }
}
